<?xml version="1.0" encoding="utf-8"?>
<Project ToolsVersion="4.0" xmlns="http://schemas.microsoft.com/developer/msbuild/2003">
  <ItemGroup>
    <Filter Include="Surface">
      <UniqueIdentifier>{6E631512-DA42-94AD-E35A-1F844FB9FA0E}</UniqueIdentifier>
    </Filter>
    <Filter Include="Surface\Event">
      <UniqueIdentifier>{3F3F9FD9-ABFF-1A10-743A-648DE0B95FEC}</UniqueIdentifier>
    </Filter>
    <Filter Include="Surface\GUI">
      <UniqueIdentifier>{8269F01B-EE1E-6911-7713-63E8E3C75F15}</UniqueIdentifier>
    </Filter>
    <Filter Include="Surface\Window">
      <UniqueIdentifier>{95889D36-8156-913C-6AEA-016356576DA1}</UniqueIdentifier>
    </Filter>
  </ItemGroup>
  <ItemGroup>
    <ClInclude Include="src\Surface.h" />
    <ClInclude Include="src\Surface\Application.h">
      <Filter>Surface</Filter>
    </ClInclude>
    <ClInclude Include="src\Surface\Core.h">
      <Filter>Surface</Filter>
    </ClInclude>
    <ClInclude Include="src\Surface\EntryPoint.h">
      <Filter>Surface</Filter>
    </ClInclude>
    <ClInclude Include="src\Surface\Event.h">
      <Filter>Surface</Filter>
    </ClInclude>
    <ClInclude Include="src\Surface\Event\Handler.h">
      <Filter>Surface\Event</Filter>
    </ClInclude>
    <ClInclude Include="src\Surface\Event\Types.h">
      <Filter>Surface\Event</Filter>
    </ClInclude>
    <ClInclude Include="src\Surface\GUI\GLRenderer.h">
      <Filter>Surface\GUI</Filter>
    </ClInclude>
    <ClInclude Include="src\Surface\GUI\ImGuiOverlay.h">
      <Filter>Surface\GUI</Filter>
    </ClInclude>
    <ClInclude Include="src\Surface\Log.h">
      <Filter>Surface</Filter>
    </ClInclude>
    <ClInclude Include="src\Surface\View.h">
      <Filter>Surface</Filter>
    </ClInclude>
    <ClInclude Include="src\Surface\Window.h">
      <Filter>Surface</Filter>
    </ClInclude>
    <ClInclude Include="src\Surface\Input.h" />
    <ClInclude Include="src\Surface\Input\GLFWInput.h" />
    <ClInclude Include="src\Surface\Window\GLWindow.h">
      <Filter>Surface\Window</Filter>
    </ClInclude>
    <ClInclude Include="src\spch.h" />
  </ItemGroup>
  <ItemGroup>
    <ClCompile Include="src\Surface\Application.cpp">
      <Filter>Surface</Filter>
    </ClCompile>
    <ClCompile Include="src\Surface\GUI\GLRenderer.cpp">
      <Filter>Surface\GUI</Filter>
    </ClCompile>
    <ClCompile Include="src\Surface\GUI\ImGuiOverlay.cpp">
      <Filter>Surface\GUI</Filter>
    </ClCompile>
    <ClCompile Include="src\Surface\Log.cpp">
      <Filter>Surface</Filter>
    </ClCompile>
    <ClCompile Include="src\Surface\Window\GLWindow.cpp">
      <Filter>Surface\Window</Filter>
    </ClCompile>
    <ClCompile Include="src\spch.cpp" />
  </ItemGroup>
</Project>